
Microsoft Visual Studio Solution File, Format Version 12.00
# Visual Studio Version 17
VisualStudioVersion = 17.8.34302.71
MinimumVisualStudioVersion = 10.0.40219.1
Project("{FAE04EC0-301F-11D3-BF4B-00C04F79EFBC}") = "Agiletask2Fourth", "Agiletask2Fourth\Agiletask2Fourth.csproj", "{FEDC957A-60B2-44E1-AAF2-B3D224C26B40}"
EndProject
Global
	GlobalSection(SolutionConfigurationPlatforms) = preSolution
		Debug|Any CPU = Debug|Any CPU
		Release|Any CPU = Release|Any CPU
	EndGlobalSection
	GlobalSection(ProjectConfigurationPlatforms) = postSolution
		{FEDC957A-60B2-44E1-AAF2-B3D224C26B40}.Debug|Any CPU.ActiveCfg = Debug|Any CPU
		{FEDC957A-60B2-44E1-AAF2-B3D224C26B40}.Debug|Any CPU.Build.0 = Debug|Any CPU
		{FEDC957A-60B2-44E1-AAF2-B3D224C26B40}.Release|Any CPU.ActiveCfg = Release|Any CPU
		{FEDC957A-60B2-44E1-AAF2-B3D224C26B40}.Release|Any CPU.Build.0 = Release|Any CPU
	EndGlobalSection
	GlobalSection(SolutionProperties) = preSolution
		HideSolutionNode = FALSE
	EndGlobalSection
	GlobalSection(ExtensibilityGlobals) = postSolution
		SolutionGuid = {918FF98A-F7FC-436D-A7CA-6EBD6275EB85}
	EndGlobalSection
EndGlobal
